
Microsoft Visual Studio Solution File, Format Version 12.00
# Visual Studio Version 16
VisualStudioVersion = 16.0.30204.135
MinimumVisualStudioVersion = 10.0.40219.1
Project("{9A19103F-16F7-4668-BE54-9A1E7A4F7556}") = "Gym Management System", "Gym Management System.csproj", "{7D021D2A-6E49-4F91-9EBA-7BA23F8F4E7D}"
EndProject
Global
	GlobalSection(SolutionConfigurationPlatforms) = preSolution
		Debug|Any CPU = Debug|Any CPU
		Debug|x64 = Debug|x64
		Debug|x86 = Debug|x86
		Release|Any CPU = Release|Any CPU
		Release|x64 = Release|x64
		Release|x86 = Release|x86
	EndGlobalSection
	GlobalSection(ProjectConfigurationPlatforms) = postSolution
		{7D021D2A-6E49-4F91-9EBA-7BA23F8F4E7D}.Debug|Any CPU.ActiveCfg = Debug|Any CPU
		{7D021D2A-6E49-4F91-9EBA-7BA23F8F4E7D}.Debug|Any CPU.Build.0 = Debug|Any CPU
		{7D021D2A-6E49-4F91-9EBA-7BA23F8F4E7D}.Debug|x64.ActiveCfg = Debug|x64
		{7D021D2A-6E49-4F91-9EBA-7BA23F8F4E7D}.Debug|x64.Build.0 = Debug|x64
		{7D021D2A-6E49-4F91-9EBA-7BA23F8F4E7D}.Debug|x86.ActiveCfg = Debug|x86
		{7D021D2A-6E49-4F91-9EBA-7BA23F8F4E7D}.Debug|x86.Build.0 = Debug|x86
		{7D021D2A-6E49-4F91-9EBA-7BA23F8F4E7D}.Release|Any CPU.ActiveCfg = Release|Any CPU
		{7D021D2A-6E49-4F91-9EBA-7BA23F8F4E7D}.Release|Any CPU.Build.0 = Release|Any CPU
		{7D021D2A-6E49-4F91-9EBA-7BA23F8F4E7D}.Release|x64.ActiveCfg = Release|x64
		{7D021D2A-6E49-4F91-9EBA-7BA23F8F4E7D}.Release|x64.Build.0 = Release|x64
		{7D021D2A-6E49-4F91-9EBA-7BA23F8F4E7D}.Release|x86.ActiveCfg = Release|x86
		{7D021D2A-6E49-4F91-9EBA-7BA23F8F4E7D}.Release|x86.Build.0 = Release|x86
	EndGlobalSection
	GlobalSection(SolutionProperties) = preSolution
		HideSolutionNode = FALSE
	EndGlobalSection
	GlobalSection(ExtensibilityGlobals) = postSolution
		SolutionGuid = {36F034FF-5932-47F9-9B58-2BAFBB8A35E7}
	EndGlobalSection
EndGlobal
